
Microsoft Visual Studio Solution File, Format Version 12.00
# Visual Studio 15
VisualStudioVersion = 15.0.28307.329
MinimumVisualStudioVersion = 10.0.40219.1
Project("{FAE04EC0-301F-11D3-BF4B-00C04F79EFBC}") = "StudenetForm", "StudenetForm\StudenetForm.csproj", "{FFC64402-628F-4787-ADA0-3C22AEFC9593}"
EndProject
Global
	GlobalSection(SolutionConfigurationPlatforms) = preSolution
		Debug|Any CPU = Debug|Any CPU
		Release|Any CPU = Release|Any CPU
	EndGlobalSection
	GlobalSection(ProjectConfigurationPlatforms) = postSolution
		{FFC64402-628F-4787-ADA0-3C22AEFC9593}.Debug|Any CPU.ActiveCfg = Debug|Any CPU
		{FFC64402-628F-4787-ADA0-3C22AEFC9593}.Debug|Any CPU.Build.0 = Debug|Any CPU
		{FFC64402-628F-4787-ADA0-3C22AEFC9593}.Release|Any CPU.ActiveCfg = Release|Any CPU
		{FFC64402-628F-4787-ADA0-3C22AEFC9593}.Release|Any CPU.Build.0 = Release|Any CPU
	EndGlobalSection
	GlobalSection(SolutionProperties) = preSolution
		HideSolutionNode = FALSE
	EndGlobalSection
	GlobalSection(ExtensibilityGlobals) = postSolution
		SolutionGuid = {BBCE3EE6-D894-4E6E-A864-6E50AF03AD10}
	EndGlobalSection
EndGlobal
